
Microsoft Visual Studio Solution File, Format Version 12.00
# Visual Studio Version 16
VisualStudioVersion = 16.0.31911.196
MinimumVisualStudioVersion = 10.0.40219.1
Project("{FAE04EC0-301F-11D3-BF4B-00C04F79EFBC}") = "Ch.2 coding", "Ch.2 coding\Ch.2 coding.csproj", "{FCBDF780-80D4-412D-AAA2-FEBF4DA2E3B3}"
EndProject
Global
	GlobalSection(SolutionConfigurationPlatforms) = preSolution
		Debug|Any CPU = Debug|Any CPU
		Release|Any CPU = Release|Any CPU
	EndGlobalSection
	GlobalSection(ProjectConfigurationPlatforms) = postSolution
		{FCBDF780-80D4-412D-AAA2-FEBF4DA2E3B3}.Debug|Any CPU.ActiveCfg = Debug|Any CPU
		{FCBDF780-80D4-412D-AAA2-FEBF4DA2E3B3}.Debug|Any CPU.Build.0 = Debug|Any CPU
		{FCBDF780-80D4-412D-AAA2-FEBF4DA2E3B3}.Release|Any CPU.ActiveCfg = Release|Any CPU
		{FCBDF780-80D4-412D-AAA2-FEBF4DA2E3B3}.Release|Any CPU.Build.0 = Release|Any CPU
	EndGlobalSection
	GlobalSection(SolutionProperties) = preSolution
		HideSolutionNode = FALSE
	EndGlobalSection
	GlobalSection(ExtensibilityGlobals) = postSolution
		SolutionGuid = {2E38B3D4-0AAE-4BF3-B6D6-2009545B7CEC}
	EndGlobalSection
EndGlobal
